// !$*UTF8*$!
{
	archiveVersion = 1;
	classes = {
	};
	objectVersion = 50;
	objects = {

/* Begin PBXBuildFile section */
		387147AC24D6A42500EBA363 /* AppDelegate.swift in Sources */ = {isa = PBXBuildFile; fileRef = 387147AB24D6A42500EBA363 /* AppDelegate.swift */; };
		387147AE24D6A42500EBA363 /* SceneDelegate.swift in Sources */ = {isa = PBXBuildFile; fileRef = 387147AD24D6A42500EBA363 /* SceneDelegate.swift */; };
		387147B024D6A42500EBA363 /* ViewController.swift in Sources */ = {isa = PBXBuildFile; fileRef = 387147AF24D6A42500EBA363 /* ViewController.swift */; };
		387147B324D6A42500EBA363 /* Main.storyboard in Resources */ = {isa = PBXBuildFile; fileRef = 387147B124D6A42500EBA363 /* Main.storyboard */; };
		387147B524D6A42700EBA363 /* Assets.xcassets in Resources */ = {isa = PBXBuildFile; fileRef = 387147B424D6A42700EBA363 /* Assets.xcassets */; };
		387147B824D6A42700EBA363 /* LaunchScreen.storyboard in Resources */ = {isa = PBXBuildFile; fileRef = 387147B624D6A42700EBA363 /* LaunchScreen.storyboard */; };
		387147C324D6A42700EBA363 /* TipperTests.swift in Sources */ = {isa = PBXBuildFile; fileRef = 387147C224D6A42700EBA363 /* TipperTests.swift */; };
		387147CE24D6A42700EBA363 /* TipperUITests.swift in Sources */ = {isa = PBXBuildFile; fileRef = 387147CD24D6A42700EBA363 /* TipperUITests.swift */; };
		38C9AE5B24D79781001F5AB7 /* SettingsViewController.swift in Sources */ = {isa = PBXBuildFile; fileRef = 38C9AE5A24D79781001F5AB7 /* SettingsViewController.swift */; };
/* End PBXBuildFile section */

/* Begin PBXContainerItemProxy section */
		387147BF24D6A42700EBA363 /* PBXContainerItemProxy */ = {
			isa = PBXContainerItemProxy;
			containerPortal = 387147A024D6A42500EBA363 /* Project object */;
			proxyType = 1;
			remoteGlobalIDString = 387147A724D6A42500EBA363;
			remoteInfo = Tipper;
		};
		387147CA24D6A42700EBA363 /* PBXContainerItemProxy */ = {
			isa = PBXContainerItemProxy;
			containerPortal = 387147A024D6A42500EBA363 /* Project object */;
			proxyType = 1;
			remoteGlobalIDString = 387147A724D6A42500EBA363;
			remoteInfo = Tipper;
		};
/* End PBXContainerItemProxy section */

/* Begin PBXFileReference section */
		387147A824D6A42500EBA363 /* Tipper.app */ = {isa = PBXFileReference; explicitFileType = wrapper.application; includeInIndex = 0; path = Tipper.app; sourceTree = BUILT_PRODUCTS_DIR; };
		387147AB24D6A42500EBA363 /* AppDelegate.swift */ = {isa = PBXFileReference; lastKnownFileType = sourcecode.swift; path = AppDelegate.swift; sourceTree = "<group>"; };
		387147AD24D6A42500EBA363 /* SceneDelegate.swift */ = {isa = PBXFileReference; lastKnownFileType = sourcecode.swift; path = SceneDelegate.swift; sourceTree = "<group>"; };
		387147AF24D6A42500EBA363 /* ViewController.swift */ = {isa = PBXFileReference; lastKnownFileType = sourcecode.swift; path = ViewController.swift; sourceTree = "<group>"; };
		387147B224D6A42500EBA363 /* Base */ = {isa = PBXFileReference; lastKnownFileType = file.storyboard; name = Base; path = Base.lproj/Main.storyboard; sourceTree = "<group>"; };
		387147B424D6A42700EBA363 /* Assets.xcassets */ = {isa = PBXFileReference; lastKnownFileType = folder.assetcatalog; path = Assets.xcassets; sourceTree = "<group>"; };
		387147B724D6A42700EBA363 /* Base */ = {isa = PBXFileReference; lastKnownFileType = file.storyboard; name = Base; path = Base.lproj/LaunchScreen.storyboard; sourceTree = "<group>"; };
		387147B924D6A42700EBA363 /* Info.plist */ = {isa = PBXFileReference; lastKnownFileType = text.plist.xml; path = Info.plist; sourceTree = "<group>"; };
		387147BE24D6A42700EBA363 /* TipperTests.xctest */ = {isa = PBXFileReference; explicitFileType = wrapper.cfbundle; includeInIndex = 0; path = TipperTests.xctest; sourceTree = BUILT_PRODUCTS_DIR; };
		387147C224D6A42700EBA363 /* TipperTests.swift */ = {isa = PBXFileReference; lastKnownFileType = sourcecode.swift; path = TipperTests.swift; sourceTree = "<group>"; };
		387147C424D6A42700EBA363 /* Info.plist */ = {isa = PBXFileReference; lastKnownFileType = text.plist.xml; path = Info.plist; sourceTree = "<group>"; };
		387147C924D6A42700EBA363 /* TipperUITests.xctest */ = {isa = PBXFileReference; explicitFileType = wrapper.cfbundle; includeInIndex = 0; path = TipperUITests.xctest; sourceTree = BUILT_PRODUCTS_DIR; };
		387147CD24D6A42700EBA363 /* TipperUITests.swift */ = {isa = PBXFileReference; lastKnownFileType = sourcecode.swift; path = TipperUITests.swift; sourceTree = "<group>"; };
		387147CF24D6A42700EBA363 /* Info.plist */ = {isa = PBXFileReference; lastKnownFileType = text.plist.xml; path = Info.plist; sourceTree = "<group>"; };
		38C9AE5A24D79781001F5AB7 /* SettingsViewController.swift */ = {isa = PBXFileReference; lastKnownFileType = sourcecode.swift; path = SettingsViewController.swift; sourceTree = "<group>"; };
/* End PBXFileReference section */

/* Begin PBXFrameworksBuildPhase section */
		387147A524D6A42500EBA363 /* Frameworks */ = {
			isa = PBXFrameworksBuildPhase;
			buildActionMask = 2147483647;
			files = (
			);
			runOnlyForDeploymentPostprocessing = 0;
		};
		387147BB24D6A42700EBA363 /* Frameworks */ = {
			isa = PBXFrameworksBuildPhase;
			buildActionMask = 2147483647;
			files = (
			);
			runOnlyForDeploymentPostprocessing = 0;
		};
		387147C624D6A42700EBA363 /* Frameworks */ = {
			isa = PBXFrameworksBuildPhase;
			buildActionMask = 2147483647;
			files = (
			);
			runOnlyForDeploymentPostprocessing = 0;
		};
/* End PBXFrameworksBuildPhase section */

/* Begin PBXGroup section */
		3871479F24D6A42500EBA363 = {
			isa = PBXGroup;
			children = (
				387147AA24D6A42500EBA363 /* Tipper */,
				387147C124D6A42700EBA363 /* TipperTests */,
				387147CC24D6A42700EBA363 /* TipperUITests */,
				387147A924D6A42500EBA363 /* Products */,
			);
			sourceTree = "<group>";
		};
		387147A924D6A42500EBA363 /* Products */ = {
			isa = PBXGroup;
			children = (
				387147A824D6A42500EBA363 /* Tipper.app */,
				387147BE24D6A42700EBA363 /* TipperTests.xctest */,
				387147C924D6A42700EBA363 /* TipperUITests.xctest */,
			);
			name = Products;
			sourceTree = "<group>";
		};
		387147AA24D6A42500EBA363 /* Tipper */ = {
			isa = PBXGroup;
			children = (
				387147AB24D6A42500EBA363 /* AppDelegate.swift */,
				387147AD24D6A42500EBA363 /* SceneDelegate.swift */,
				387147AF24D6A42500EBA363 /* ViewController.swift */,
				387147B124D6A42500EBA363 /* Main.storyboard */,
				387147B424D6A42700EBA363 /* Assets.xcassets */,
				387147B624D6A42700EBA363 /* LaunchScreen.storyboard */,
				387147B924D6A42700EBA363 /* Info.plist */,
				38C9AE5A24D79781001F5AB7 /* SettingsViewController.swift */,
			);
			path = Tipper;
			sourceTree = "<group>";
		};
		387147C124D6A42700EBA363 /* TipperTests */ = {
			isa = PBXGroup;
			children = (
				387147C224D6A42700EBA363 /* TipperTests.swift */,
				387147C424D6A42700EBA363 /* Info.plist */,
			);
			path = TipperTests;
			sourceTree = "<group>";
		};
		387147CC24D6A42700EBA363 /* TipperUITests */ = {
			isa = PBXGroup;
			children = (
				387147CD24D6A42700EBA363 /* TipperUITests.swift */,
				387147CF24D6A42700EBA363 /* Info.plist */,
			);
			path = TipperUITests;
			sourceTree = "<group>";
		};
/* End PBXGroup section */

/* Begin PBXNativeTarget section */
		387147A724D6A42500EBA363 /* Tipper */ = {
			isa = PBXNativeTarget;
			buildConfigurationList = 387147D224D6A42700EBA363 /* Build configuration list for PBXNativeTarget "Tipper" */;
			buildPhases = (
				387147A424D6A42500EBA363 /* Sources */,
				387147A524D6A42500EBA363 /* Frameworks */,
				387147A624D6A42500EBA363 /* Resources */,
			);
			buildRules = (
			);
			dependencies = (
			);
			name = Tipper;
			productName = Tipper;
			productReference = 387147A824D6A42500EBA363 /* Tipper.app */;
			productType = "com.apple.product-type.application";
		};
		387147BD24D6A42700EBA363 /* TipperTests */ = {
			isa = PBXNativeTarget;
			buildConfigurationList = 387147D524D6A42700EBA363 /* Build configuration list for PBXNativeTarget "TipperTests" */;
			buildPhases = (
				387147BA24D6A42700EBA363 /* Sources */,
				387147BB24D6A42700EBA363 /* Frameworks */,
				387147BC24D6A42700EBA363 /* Resources */,
			);
			buildRules = (
			);
			dependencies = (
				387147C024D6A42700EBA363 /* PBXTargetDependency */,
			);
			name = TipperTests;
			productName = TipperTests;
			productReference = 387147BE24D6A42700EBA363 /* TipperTests.xctest */;
			productType = "com.apple.product-type.bundle.unit-test";
		};
		387147C824D6A42700EBA363 /* TipperUITests */ = {
			isa = PBXNativeTarget;
			buildConfigurationList = 387147D824D6A42700EBA363 /* Build configuration list for PBXNativeTarget "TipperUITests" */;
			buildPhases = (
				387147C524D6A42700EBA363 /* Sources */,
				387147C624D6A42700EBA363 /* Frameworks */,
				387147C724D6A42700EBA363 /* Resources */,
			);
			buildRules = (
			);
			dependencies = (
				387147CB24D6A42700EBA363 /* PBXTargetDependency */,
			);
			name = TipperUITests;
			productName = TipperUITests;
			productReference = 387147C924D6A42700EBA363 /* TipperUITests.xctest */;
			productType = "com.apple.product-type.bundle.ui-testing";
		};
/* End PBXNativeTarget section */

/* Begin PBXProject section */
		387147A024D6A42500EBA363 /* Project object */ = {
			isa = PBXProject;
			attributes = {
				LastSwiftUpdateCheck = 1160;
				LastUpgradeCheck = 1160;
				ORGANIZATIONNAME = CodePath;
				TargetAttributes = {
					387147A724D6A42500EBA363 = {
						CreatedOnToolsVersion = 11.6;
					};
					387147BD24D6A42700EBA363 = {
						CreatedOnToolsVersion = 11.6;
						TestTargetID = 387147A724D6A42500EBA363;
					};
					387147C824D6A42700EBA363 = {
						CreatedOnToolsVersion = 11.6;
						TestTargetID = 387147A724D6A42500EBA363;
					};
				};
			};
			buildConfigurationList = 387147A324D6A42500EBA363 /* Build configuration list for PBXProject "Tipper" */;
			compatibilityVersion = "Xcode 9.3";
			developmentRegion = en;
			hasScannedForEncodings = 0;
			knownRegions = (
				en,
				Base,
			);
			mainGroup = 3871479F24D6A42500EBA363;
			productRefGroup = 387147A924D6A42500EBA363 /* Products */;
			projectDirPath = "";
			projectRoot = "";
			targets = (
				387147A724D6A42500EBA363 /* Tipper */,
				387147BD24D6A42700EBA363 /* TipperTests */,
				387147C824D6A42700EBA363 /* TipperUITests */,
			);
		};
/* End PBXProject section */

/* Begin PBXResourcesBuildPhase section */
		387147A624D6A42500EBA363 /* Resources */ = {
			isa = PBXResourcesBuildPhase;
			buildActionMask = 2147483647;
			files = (
				387147B824D6A42700EBA363 /* LaunchScreen.storyboard in Resources */,
				387147B524D6A42700EBA363 /* Assets.xcassets in Resources */,
				387147B324D6A42500EBA363 /* Main.storyboard in Resources */,
			);
			runOnlyForDeploymentPostprocessing = 0;
		};
		387147BC24D6A42700EBA363 /* Resources */ = {
			isa = PBXResourcesBuildPhase;
			buildActionMask = 2147483647;
			files = (
			);
			runOnlyForDeploymentPostprocessing = 0;
		};
		387147C724D6A42700EBA363 /* Resources */ = {
			isa = PBXResourcesBuildPhase;
			buildActionMask = 2147483647;
			files = (
			);
			runOnlyForDeploymentPostprocessing = 0;
		};
/* End PBXResourcesBuildPhase section */

/* Begin PBXSourcesBuildPhase section */
		387147A424D6A42500EBA363 /* Sources */ = {
			isa = PBXSourcesBuildPhase;
			buildActionMask = 2147483647;
			files = (
				387147B024D6A42500EBA363 /* ViewController.swift in Sources */,
				387147AC24D6A42500EBA363 /* AppDelegate.swift in Sources */,
				387147AE24D6A42500EBA363 /* SceneDelegate.swift in Sources */,
				38C9AE5B24D79781001F5AB7 /* SettingsViewController.swift in Sources */,
			);
			runOnlyForDeploymentPostprocessing = 0;
		};
		387147BA24D6A42700EBA363 /* Sources */ = {
			isa = PBXSourcesBuildPhase;
			buildActionMask = 2147483647;
			files = (
				387147C324D6A42700EBA363 /* TipperTests.swift in Sources */,
			);
			runOnlyForDeploymentPostprocessing = 0;
		};
		387147C524D6A42700EBA363 /* Sources */ = {
			isa = PBXSourcesBuildPhase;
			buildActionMask = 2147483647;
			files = (
				387147CE24D6A42700EBA363 /* TipperUITests.swift in Sources */,
			);
			runOnlyForDeploymentPostprocessing = 0;
		};
/* End PBXSourcesBuildPhase section */

/* Begin PBXTargetDependency section */
		387147C024D6A42700EBA363 /* PBXTargetDependency */ = {
			isa = PBXTargetDependency;
			target = 387147A724D6A42500EBA363 /* Tipper */;
			targetProxy = 387147BF24D6A42700EBA363 /* PBXContainerItemProxy */;
		};
		387147CB24D6A42700EBA363 /* PBXTargetDependency */ = {
			isa = PBXTargetDependency;
			target = 387147A724D6A42500EBA363 /* Tipper */;
			targetProxy = 387147CA24D6A42700EBA363 /* PBXContainerItemProxy */;
		};
/* End PBXTargetDependency section */

/* Begin PBXVariantGroup section */
		387147B124D6A42500EBA363 /* Main.storyboard */ = {
			isa = PBXVariantGroup;
			children = (
				387147B224D6A42500EBA363 /* Base */,
			);
			name = Main.storyboard;
			sourceTree = "<group>";
		};
		387147B624D6A42700EBA363 /* LaunchScreen.storyboard */ = {
			isa = PBXVariantGroup;
			children = (
				387147B724D6A42700EBA363 /* Base */,
			);
			name = LaunchScreen.storyboard;
			sourceTree = "<group>";
		};
/* End PBXVariantGroup section */

/* Begin XCBuildConfiguration section */
		387147D024D6A42700EBA363 /* Debug */ = {
			isa = XCBuildConfiguration;
			buildSettings = {
				ALWAYS_SEARCH_USER_PATHS = NO;
				CLANG_ANALYZER_NONNULL = YES;
				CLANG_ANALYZER_NUMBER_OBJECT_CONVERSION = YES_AGGRESSIVE;
				CLANG_CXX_LANGUAGE_STANDARD = "gnu++14";
				CLANG_CXX_LIBRARY = "libc++";
				CLANG_ENABLE_MODULES = YES;
				CLANG_ENABLE_OBJC_ARC = YES;
				CLANG_ENABLE_OBJC_WEAK = YES;
				CLANG_WARN_BLOCK_CAPTURE_AUTORELEASING = YES;
				CLANG_WARN_BOOL_CONVERSION = YES;
				CLANG_WARN_COMMA = YES;
				CLANG_WARN_CONSTANT_CONVERSION = YES;
				CLANG_WARN_DEPRECATED_OBJC_IMPLEMENTATIONS = YES;
				CLANG_WARN_DIRECT_OBJC_ISA_USAGE = YES_ERROR;
				CLANG_WARN_DOCUMENTATION_COMMENTS = YES;
				CLANG_WARN_EMPTY_BODY = YES;
				CLANG_WARN_ENUM_CONVERSION = YES;
				CLANG_WARN_INFINITE_RECURSION = YES;
				CLANG_WARN_INT_CONVERSION = YES;
				CLANG_WARN_NON_LITERAL_NULL_CONVERSION = YES;
				CLANG_WARN_OBJC_IMPLICIT_RETAIN_SELF = YES;
				CLANG_WARN_OBJC_LITERAL_CONVERSION = YES;
				CLANG_WARN_OBJC_ROOT_CLASS = YES_ERROR;
				CLANG_WARN_RANGE_LOOP_ANALYSIS = YES;
				CLANG_WARN_STRICT_PROTOTYPES = YES;
				CLANG_WARN_SUSPICIOUS_MOVE = YES;
				CLANG_WARN_UNGUARDED_AVAILABILITY = YES_AGGRESSIVE;
				CLANG_WARN_UNREACHABLE_CODE = YES;
				CLANG_WARN__DUPLICATE_METHOD_MATCH = YES;
				COPY_PHASE_STRIP = NO;
				DEBUG_INFORMATION_FORMAT = dwarf;
				ENABLE_STRICT_OBJC_MSGSEND = YES;
				ENABLE_TESTABILITY = YES;
				GCC_C_LANGUAGE_STANDARD = gnu11;
				GCC_DYNAMIC_NO_PIC = NO;
				GCC_NO_COMMON_BLOCKS = YES;
				GCC_OPTIMIZATION_LEVEL = 0;
				GCC_PREPROCESSOR_DEFINITIONS = (
					"DEBUG=1",
					"$(inherited)",
				);
				GCC_WARN_64_TO_32_BIT_CONVERSION = YES;
				GCC_WARN_ABOUT_RETURN_TYPE = YES_ERROR;
				GCC_WARN_UNDECLARED_SELECTOR = YES;
				GCC_WARN_UNINITIALIZED_AUTOS = YES_AGGRESSIVE;
				GCC_WARN_UNUSED_FUNCTION = YES;
				GCC_WARN_UNUSED_VARIABLE = YES;
				IPHONEOS_DEPLOYMENT_TARGET = 13.6;
				MTL_ENABLE_DEBUG_INFO = INCLUDE_SOURCE;
				MTL_FAST_MATH = YES;
				ONLY_ACTIVE_ARCH = YES;
				SDKROOT = iphoneos;
				SWIFT_ACTIVE_COMPILATION_CONDITIONS = DEBUG;
				SWIFT_OPTIMIZATION_LEVEL = "-Onone";
			};
			name = Debug;
		};
		387147D124D6A42700EBA363 /* Release */ = {
			isa = XCBuildConfiguration;
			buildSettings = {
				ALWAYS_SEARCH_USER_PATHS = NO;
				CLANG_ANALYZER_NONNULL = YES;
				CLANG_ANALYZER_NUMBER_OBJECT_CONVERSION = YES_AGGRESSIVE;
				CLANG_CXX_LANGUAGE_STANDARD = "gnu++14";
				CLANG_CXX_LIBRARY = "libc++";
				CLANG_ENABLE_MODULES = YES;
				CLANG_ENABLE_OBJC_ARC = YES;
				CLANG_ENABLE_OBJC_WEAK = YES;
				CLANG_WARN_BLOCK_CAPTURE_AUTORELEASING = YES;
				CLANG_WARN_BOOL_CONVERSION = YES;
				CLANG_WARN_COMMA = YES;
				CLANG_WARN_CONSTANT_CONVERSION = YES;
				CLANG_WARN_DEPRECATED_OBJC_IMPLEMENTATIONS = YES;
				CLANG_WARN_DIRECT_OBJC_ISA_USAGE = YES_ERROR;
				CLANG_WARN_DOCUMENTATION_COMMENTS = YES;
				CLANG_WARN_EMPTY_BODY = YES;
				CLANG_WARN_ENUM_CONVERSION = YES;
				CLANG_WARN_INFINITE_RECURSION = YES;
				CLANG_WARN_INT_CONVERSION = YES;
				CLANG_WARN_NON_LITERAL_NULL_CONVERSION = YES;
				CLANG_WARN_OBJC_IMPLICIT_RETAIN_SELF = YES;
				CLANG_WARN_OBJC_LITERAL_CONVERSION = YES;
				CLANG_WARN_OBJC_ROOT_CLASS = YES_ERROR;
				CLANG_WARN_RANGE_LOOP_ANALYSIS = YES;
				CLANG_WARN_STRICT_PROTOTYPES = YES;
				CLANG_WARN_SUSPICIOUS_MOVE = YES;
				CLANG_WARN_UNGUARDED_AVAILABILITY = YES_AGGRESSIVE;
				CLANG_WARN_UNREACHABLE_CODE = YES;
				CLANG_WARN__DUPLICATE_METHOD_MATCH = YES;
				COPY_PHASE_STRIP = NO;
				DEBUG_INFORMATION_FORMAT = "dwarf-with-dsym";
				ENABLE_NS_ASSERTIONS = NO;
				ENABLE_STRICT_OBJC_MSGSEND = YES;
				GCC_C_LANGUAGE_STANDARD = gnu11;
				GCC_NO_COMMON_BLOCKS = YES;
				GCC_WARN_64_TO_32_BIT_CONVERSION = YES;
				GCC_WARN_ABOUT_RETURN_TYPE = YES_ERROR;
				GCC_WARN_UNDECLARED_SELECTOR = YES;
				GCC_WARN_UNINITIALIZED_AUTOS = YES_AGGRESSIVE;
				GCC_WARN_UNUSED_FUNCTION = YES;
				GCC_WARN_UNUSED_VARIABLE = YES;
				IPHONEOS_DEPLOYMENT_TARGET = 13.6;
				MTL_ENABLE_DEBUG_INFO = NO;
				MTL_FAST_MATH = YES;
				SDKROOT = iphoneos;
				SWIFT_COMPILATION_MODE = wholemodule;
				SWIFT_OPTIMIZATION_LEVEL = "-O";
				VALIDATE_PRODUCT = YES;
			};
			name = Release;
		};
		387147D324D6A42700EBA363 /* Debug */ = {
			isa = XCBuildConfiguration;
			buildSettings = {
				ASSETCATALOG_COMPILER_APPICON_NAME = AppIcon;
				CODE_SIGN_STYLE = Automatic;
				INFOPLIST_FILE = Tipper/Info.plist;
				LD_RUNPATH_SEARCH_PATHS = (
					"$(inherited)",
					"@executable_path/Frameworks",
				);
				PRODUCT_BUNDLE_IDENTIFIER = CodePath.Tipper;
				PRODUCT_NAME = "$(TARGET_NAME)";
				SWIFT_VERSION = 5.0;
				TARGETED_DEVICE_FAMILY = "1,2";
			};
			name = Debug;
		};
		387147D424D6A42700EBA363 /* Release */ = {
			isa = XCBuildConfiguration;
			buildSettings = {
				ASSETCATALOG_COMPILER_APPICON_NAME = AppIcon;
				CODE_SIGN_STYLE = Automatic;
				INFOPLIST_FILE = Tipper/Info.plist;
				LD_RUNPATH_SEARCH_PATHS = (
					"$(inherited)",
					"@executable_path/Frameworks",
				);
				PRODUCT_BUNDLE_IDENTIFIER = CodePath.Tipper;
				PRODUCT_NAME = "$(TARGET_NAME)";
				SWIFT_VERSION = 5.0;
				TARGETED_DEVICE_FAMILY = "1,2";
			};
			name = Release;
		};
		387147D624D6A42700EBA363 /* Debug */ = {
			isa = XCBuildConfiguration;
			buildSettings = {
				ALWAYS_EMBED_SWIFT_STANDARD_LIBRARIES = YES;
				BUNDLE_LOADER = "$(TEST_HOST)";
				CODE_SIGN_STYLE = Automatic;
				INFOPLIST_FILE = TipperTests/Info.plist;
				IPHONEOS_DEPLOYMENT_TARGET = 13.6;
				LD_RUNPATH_SEARCH_PATHS = (
					"$(inherited)",
					"@executable_path/Frameworks",
					"@loader_path/Frameworks",
				);
				PRODUCT_BUNDLE_IDENTIFIER = CodePath.TipperTests;
				PRODUCT_NAME = "$(TARGET_NAME)";
				SWIFT_VERSION = 5.0;
				TARGETED_DEVICE_FAMILY = "1,2";
				TEST_HOST = "$(BUILT_PRODUCTS_DIR)/Tipper.app/Tipper";
			};
			name = Debug;
		};
		387147D724D6A42700EBA363 /* Release */ = {
			isa = XCBuildConfiguration;
			buildSettings = {
				ALWAYS_EMBED_SWIFT_STANDARD_LIBRARIES = YES;
				BUNDLE_LOADER = "$(TEST_HOST)";
				CODE_SIGN_STYLE = Automatic;
				INFOPLIST_FILE = TipperTests/Info.plist;
				IPHONEOS_DEPLOYMENT_TARGET = 13.6;
				LD_RUNPATH_SEARCH_PATHS = (
					"$(inherited)",
					"@executable_path/Frameworks",
					"@loader_path/Frameworks",
				);
				PRODUCT_BUNDLE_IDENTIFIER = CodePath.TipperTests;
				PRODUCT_NAME = "$(TARGET_NAME)";
				SWIFT_VERSION = 5.0;
				TARGETED_DEVICE_FAMILY = "1,2";
				TEST_HOST = "$(BUILT_PRODUCTS_DIR)/Tipper.app/Tipper";
			};
			name = Release;
		};
		387147D924D6A42700EBA363 /* Debug */ = {
			isa = XCBuildConfiguration;
			buildSettings = {
				ALWAYS_EMBED_SWIFT_STANDARD_LIBRARIES = YES;
				CODE_SIGN_STYLE = Automatic;
				INFOPLIST_FILE = TipperUITests/Info.plist;
				LD_RUNPATH_SEARCH_PATHS = (
					"$(inherited)",
					"@executable_path/Frameworks",
					"@loader_path/Frameworks",
				);
				PRODUCT_BUNDLE_IDENTIFIER = CodePath.TipperUITests;
				PRODUCT_NAME = "$(TARGET_NAME)";
				SWIFT_VERSION = 5.0;
				TARGETED_DEVICE_FAMILY = "1,2";
				TEST_TARGET_NAME = Tipper;
			};
			name = Debug;
		};
		387147DA24D6A42700EBA363 /* Release */ = {
			isa = XCBuildConfiguration;
			buildSettings = {
				ALWAYS_EMBED_SWIFT_STANDARD_LIBRARIES = YES;
				CODE_SIGN_STYLE = Automatic;
				INFOPLIST_FILE = TipperUITests/Info.plist;
				LD_RUNPATH_SEARCH_PATHS = (
					"$(inherited)",
					"@executable_path/Frameworks",
					"@loader_path/Frameworks",
				);
				PRODUCT_BUNDLE_IDENTIFIER = CodePath.TipperUITests;
				PRODUCT_NAME = "$(TARGET_NAME)";
				SWIFT_VERSION = 5.0;
				TARGETED_DEVICE_FAMILY = "1,2";
				TEST_TARGET_NAME = Tipper;
			};
			name = Release;
		};
/* End XCBuildConfiguration section */

/* Begin XCConfigurationList section */
		387147A324D6A42500EBA363 /* Build configuration list for PBXProject "Tipper" */ = {
			isa = XCConfigurationList;
			buildConfigurations = (
				387147D024D6A42700EBA363 /* Debug */,
				387147D124D6A42700EBA363 /* Release */,
			);
			defaultConfigurationIsVisible = 0;
			defaultConfigurationName = Release;
		};
		387147D224D6A42700EBA363 /* Build configuration list for PBXNativeTarget "Tipper" */ = {
			isa = XCConfigurationList;
			buildConfigurations = (
				387147D324D6A42700EBA363 /* Debug */,
				387147D424D6A42700EBA363 /* Release */,
			);
			defaultConfigurationIsVisible = 0;
			defaultConfigurationName = Release;
		};
		387147D524D6A42700EBA363 /* Build configuration list for PBXNativeTarget "TipperTests" */ = {
			isa = XCConfigurationList;
			buildConfigurations = (
				387147D624D6A42700EBA363 /* Debug */,
				387147D724D6A42700EBA363 /* Release */,
			);
			defaultConfigurationIsVisible = 0;
			defaultConfigurationName = Release;
		};
		387147D824D6A42700EBA363 /* Build configuration list for PBXNativeTarget "TipperUITests" */ = {
			isa = XCConfigurationList;
			buildConfigurations = (
				387147D924D6A42700EBA363 /* Debug */,
				387147DA24D6A42700EBA363 /* Release */,
			);
			defaultConfigurationIsVisible = 0;
			defaultConfigurationName = Release;
		};
/* End XCConfigurationList section */
	};
	rootObject = 387147A024D6A42500EBA363 /* Project object */;
}
