// !$*UTF8*$!
{
	archiveVersion = 1;
	classes = {
	};
	objectVersion = 51;
	objects = {

/* Begin PBXBuildFile section */
		3885F8C82521476C00F9C15E /* MovieDetailsViewController.swift in Sources */ = {isa = PBXBuildFile; fileRef = 3885F8C72521476C00F9C15E /* MovieDetailsViewController.swift */; };
		38B11C3B251EDF8500342D7C /* MovieCell.swift in Sources */ = {isa = PBXBuildFile; fileRef = 38B11C3A251EDF8500342D7C /* MovieCell.swift */; };
		38C6CCEE251ED4F60020918A /* MoviesViewController.swift in Sources */ = {isa = PBXBuildFile; fileRef = 38C6CCED251ED4F60020918A /* MoviesViewController.swift */; };
		38EEA4FC251E421000339A81 /* AppDelegate.swift in Sources */ = {isa = PBXBuildFile; fileRef = 38EEA4FB251E421000339A81 /* AppDelegate.swift */; };
		38EEA4FE251E421000339A81 /* SceneDelegate.swift in Sources */ = {isa = PBXBuildFile; fileRef = 38EEA4FD251E421000339A81 /* SceneDelegate.swift */; };
		38EEA503251E421000339A81 /* Main.storyboard in Resources */ = {isa = PBXBuildFile; fileRef = 38EEA501251E421000339A81 /* Main.storyboard */; };
		38EEA505251E421100339A81 /* Assets.xcassets in Resources */ = {isa = PBXBuildFile; fileRef = 38EEA504251E421100339A81 /* Assets.xcassets */; };
		38EEA508251E421100339A81 /* LaunchScreen.storyboard in Resources */ = {isa = PBXBuildFile; fileRef = 38EEA506251E421100339A81 /* LaunchScreen.storyboard */; };
		38EEA513251E421200339A81 /* FlixTests.swift in Sources */ = {isa = PBXBuildFile; fileRef = 38EEA512251E421200339A81 /* FlixTests.swift */; };
		38EEA51E251E421200339A81 /* FlixUITests.swift in Sources */ = {isa = PBXBuildFile; fileRef = 38EEA51D251E421200339A81 /* FlixUITests.swift */; };
		6DBBEC035FE2576FCBFD8A21 /* Pods_Flix_FlixUITests.framework in Frameworks */ = {isa = PBXBuildFile; fileRef = 2EC664941F79D17D1E837337 /* Pods_Flix_FlixUITests.framework */; };
		7732F396521DA57CF7A15793 /* Pods_FlixTests.framework in Frameworks */ = {isa = PBXBuildFile; fileRef = 1EB83507F8C19A8F2D80EF06 /* Pods_FlixTests.framework */; };
		AA3EE571FEB368656494655F /* Pods_Flix.framework in Frameworks */ = {isa = PBXBuildFile; fileRef = 0C2A763AFF7AE7C3AC92BF90 /* Pods_Flix.framework */; };
/* End PBXBuildFile section */

/* Begin PBXContainerItemProxy section */
		38EEA50F251E421200339A81 /* PBXContainerItemProxy */ = {
			isa = PBXContainerItemProxy;
			containerPortal = 38EEA4F0251E421000339A81 /* Project object */;
			proxyType = 1;
			remoteGlobalIDString = 38EEA4F7251E421000339A81;
			remoteInfo = Flix;
		};
		38EEA51A251E421200339A81 /* PBXContainerItemProxy */ = {
			isa = PBXContainerItemProxy;
			containerPortal = 38EEA4F0251E421000339A81 /* Project object */;
			proxyType = 1;
			remoteGlobalIDString = 38EEA4F7251E421000339A81;
			remoteInfo = Flix;
		};
/* End PBXContainerItemProxy section */

/* Begin PBXFileReference section */
		0C2A763AFF7AE7C3AC92BF90 /* Pods_Flix.framework */ = {isa = PBXFileReference; explicitFileType = wrapper.framework; includeInIndex = 0; path = Pods_Flix.framework; sourceTree = BUILT_PRODUCTS_DIR; };
		113B87381A461B4B17BD9A41 /* Pods-FlixTests.release.xcconfig */ = {isa = PBXFileReference; includeInIndex = 1; lastKnownFileType = text.xcconfig; name = "Pods-FlixTests.release.xcconfig"; path = "Target Support Files/Pods-FlixTests/Pods-FlixTests.release.xcconfig"; sourceTree = "<group>"; };
		1EB83507F8C19A8F2D80EF06 /* Pods_FlixTests.framework */ = {isa = PBXFileReference; explicitFileType = wrapper.framework; includeInIndex = 0; path = Pods_FlixTests.framework; sourceTree = BUILT_PRODUCTS_DIR; };
		2A1747F37F4D41A51D060F2C /* Pods-Flix.debug.xcconfig */ = {isa = PBXFileReference; includeInIndex = 1; lastKnownFileType = text.xcconfig; name = "Pods-Flix.debug.xcconfig"; path = "Target Support Files/Pods-Flix/Pods-Flix.debug.xcconfig"; sourceTree = "<group>"; };
		2EC664941F79D17D1E837337 /* Pods_Flix_FlixUITests.framework */ = {isa = PBXFileReference; explicitFileType = wrapper.framework; includeInIndex = 0; path = Pods_Flix_FlixUITests.framework; sourceTree = BUILT_PRODUCTS_DIR; };
		3885F8C72521476C00F9C15E /* MovieDetailsViewController.swift */ = {isa = PBXFileReference; lastKnownFileType = sourcecode.swift; path = MovieDetailsViewController.swift; sourceTree = "<group>"; };
		38B11C3A251EDF8500342D7C /* MovieCell.swift */ = {isa = PBXFileReference; lastKnownFileType = sourcecode.swift; path = MovieCell.swift; sourceTree = "<group>"; };
		38C6CCED251ED4F60020918A /* MoviesViewController.swift */ = {isa = PBXFileReference; lastKnownFileType = sourcecode.swift; path = MoviesViewController.swift; sourceTree = "<group>"; };
		38EEA4F8251E421000339A81 /* Flix.app */ = {isa = PBXFileReference; explicitFileType = wrapper.application; includeInIndex = 0; path = Flix.app; sourceTree = BUILT_PRODUCTS_DIR; };
		38EEA4FB251E421000339A81 /* AppDelegate.swift */ = {isa = PBXFileReference; lastKnownFileType = sourcecode.swift; path = AppDelegate.swift; sourceTree = "<group>"; };
		38EEA4FD251E421000339A81 /* SceneDelegate.swift */ = {isa = PBXFileReference; lastKnownFileType = sourcecode.swift; path = SceneDelegate.swift; sourceTree = "<group>"; };
		38EEA502251E421000339A81 /* Base */ = {isa = PBXFileReference; lastKnownFileType = file.storyboard; name = Base; path = Base.lproj/Main.storyboard; sourceTree = "<group>"; };
		38EEA504251E421100339A81 /* Assets.xcassets */ = {isa = PBXFileReference; lastKnownFileType = folder.assetcatalog; path = Assets.xcassets; sourceTree = "<group>"; };
		38EEA507251E421100339A81 /* Base */ = {isa = PBXFileReference; lastKnownFileType = file.storyboard; name = Base; path = Base.lproj/LaunchScreen.storyboard; sourceTree = "<group>"; };
		38EEA509251E421100339A81 /* Info.plist */ = {isa = PBXFileReference; lastKnownFileType = text.plist.xml; path = Info.plist; sourceTree = "<group>"; };
		38EEA50E251E421200339A81 /* FlixTests.xctest */ = {isa = PBXFileReference; explicitFileType = wrapper.cfbundle; includeInIndex = 0; path = FlixTests.xctest; sourceTree = BUILT_PRODUCTS_DIR; };
		38EEA512251E421200339A81 /* FlixTests.swift */ = {isa = PBXFileReference; lastKnownFileType = sourcecode.swift; path = FlixTests.swift; sourceTree = "<group>"; };
		38EEA514251E421200339A81 /* Info.plist */ = {isa = PBXFileReference; lastKnownFileType = text.plist.xml; path = Info.plist; sourceTree = "<group>"; };
		38EEA519251E421200339A81 /* FlixUITests.xctest */ = {isa = PBXFileReference; explicitFileType = wrapper.cfbundle; includeInIndex = 0; path = FlixUITests.xctest; sourceTree = BUILT_PRODUCTS_DIR; };
		38EEA51D251E421200339A81 /* FlixUITests.swift */ = {isa = PBXFileReference; lastKnownFileType = sourcecode.swift; path = FlixUITests.swift; sourceTree = "<group>"; };
		38EEA51F251E421200339A81 /* Info.plist */ = {isa = PBXFileReference; lastKnownFileType = text.plist.xml; path = Info.plist; sourceTree = "<group>"; };
		475179CF6411EE9783E318EA /* Pods-Flix-FlixUITests.debug.xcconfig */ = {isa = PBXFileReference; includeInIndex = 1; lastKnownFileType = text.xcconfig; name = "Pods-Flix-FlixUITests.debug.xcconfig"; path = "Target Support Files/Pods-Flix-FlixUITests/Pods-Flix-FlixUITests.debug.xcconfig"; sourceTree = "<group>"; };
		64DF530C92888CA99B194DA5 /* Pods-Flix.release.xcconfig */ = {isa = PBXFileReference; includeInIndex = 1; lastKnownFileType = text.xcconfig; name = "Pods-Flix.release.xcconfig"; path = "Target Support Files/Pods-Flix/Pods-Flix.release.xcconfig"; sourceTree = "<group>"; };
		769246B279DA51E9CC8F9ECA /* Pods-Flix-FlixUITests.release.xcconfig */ = {isa = PBXFileReference; includeInIndex = 1; lastKnownFileType = text.xcconfig; name = "Pods-Flix-FlixUITests.release.xcconfig"; path = "Target Support Files/Pods-Flix-FlixUITests/Pods-Flix-FlixUITests.release.xcconfig"; sourceTree = "<group>"; };
		AAFAF36E6D768C7138FCEAB0 /* Pods-FlixTests.debug.xcconfig */ = {isa = PBXFileReference; includeInIndex = 1; lastKnownFileType = text.xcconfig; name = "Pods-FlixTests.debug.xcconfig"; path = "Target Support Files/Pods-FlixTests/Pods-FlixTests.debug.xcconfig"; sourceTree = "<group>"; };
/* End PBXFileReference section */

/* Begin PBXFrameworksBuildPhase section */
		38EEA4F5251E421000339A81 /* Frameworks */ = {
			isa = PBXFrameworksBuildPhase;
			buildActionMask = 2147483647;
			files = (
				AA3EE571FEB368656494655F /* Pods_Flix.framework in Frameworks */,
			);
			runOnlyForDeploymentPostprocessing = 0;
		};
		38EEA50B251E421200339A81 /* Frameworks */ = {
			isa = PBXFrameworksBuildPhase;
			buildActionMask = 2147483647;
			files = (
				7732F396521DA57CF7A15793 /* Pods_FlixTests.framework in Frameworks */,
			);
			runOnlyForDeploymentPostprocessing = 0;
		};
		38EEA516251E421200339A81 /* Frameworks */ = {
			isa = PBXFrameworksBuildPhase;
			buildActionMask = 2147483647;
			files = (
				6DBBEC035FE2576FCBFD8A21 /* Pods_Flix_FlixUITests.framework in Frameworks */,
			);
			runOnlyForDeploymentPostprocessing = 0;
		};
/* End PBXFrameworksBuildPhase section */

/* Begin PBXGroup section */
		38EEA4EF251E421000339A81 = {
			isa = PBXGroup;
			children = (
				38EEA4FA251E421000339A81 /* Flix */,
				38EEA511251E421200339A81 /* FlixTests */,
				38EEA51C251E421200339A81 /* FlixUITests */,
				38EEA4F9251E421000339A81 /* Products */,
				A195D0A03DB78394E65F86B4 /* Pods */,
				471C8C42D3242DAD8AEC0C72 /* Frameworks */,
			);
			sourceTree = "<group>";
		};
		38EEA4F9251E421000339A81 /* Products */ = {
			isa = PBXGroup;
			children = (
				38EEA4F8251E421000339A81 /* Flix.app */,
				38EEA50E251E421200339A81 /* FlixTests.xctest */,
				38EEA519251E421200339A81 /* FlixUITests.xctest */,
			);
			name = Products;
			sourceTree = "<group>";
		};
		38EEA4FA251E421000339A81 /* Flix */ = {
			isa = PBXGroup;
			children = (
				38EEA4FB251E421000339A81 /* AppDelegate.swift */,
				38EEA4FD251E421000339A81 /* SceneDelegate.swift */,
				38EEA501251E421000339A81 /* Main.storyboard */,
				3885F8C72521476C00F9C15E /* MovieDetailsViewController.swift */,
				38B11C3A251EDF8500342D7C /* MovieCell.swift */,
				38EEA504251E421100339A81 /* Assets.xcassets */,
				38EEA506251E421100339A81 /* LaunchScreen.storyboard */,
				38C6CCED251ED4F60020918A /* MoviesViewController.swift */,
				38EEA509251E421100339A81 /* Info.plist */,
			);
			path = Flix;
			sourceTree = "<group>";
		};
		38EEA511251E421200339A81 /* FlixTests */ = {
			isa = PBXGroup;
			children = (
				38EEA512251E421200339A81 /* FlixTests.swift */,
				38EEA514251E421200339A81 /* Info.plist */,
			);
			path = FlixTests;
			sourceTree = "<group>";
		};
		38EEA51C251E421200339A81 /* FlixUITests */ = {
			isa = PBXGroup;
			children = (
				38EEA51D251E421200339A81 /* FlixUITests.swift */,
				38EEA51F251E421200339A81 /* Info.plist */,
			);
			path = FlixUITests;
			sourceTree = "<group>";
		};
		471C8C42D3242DAD8AEC0C72 /* Frameworks */ = {
			isa = PBXGroup;
			children = (
				0C2A763AFF7AE7C3AC92BF90 /* Pods_Flix.framework */,
				2EC664941F79D17D1E837337 /* Pods_Flix_FlixUITests.framework */,
				1EB83507F8C19A8F2D80EF06 /* Pods_FlixTests.framework */,
			);
			name = Frameworks;
			sourceTree = "<group>";
		};
		A195D0A03DB78394E65F86B4 /* Pods */ = {
			isa = PBXGroup;
			children = (
				2A1747F37F4D41A51D060F2C /* Pods-Flix.debug.xcconfig */,
				64DF530C92888CA99B194DA5 /* Pods-Flix.release.xcconfig */,
				475179CF6411EE9783E318EA /* Pods-Flix-FlixUITests.debug.xcconfig */,
				769246B279DA51E9CC8F9ECA /* Pods-Flix-FlixUITests.release.xcconfig */,
				AAFAF36E6D768C7138FCEAB0 /* Pods-FlixTests.debug.xcconfig */,
				113B87381A461B4B17BD9A41 /* Pods-FlixTests.release.xcconfig */,
			);
			path = Pods;
			sourceTree = "<group>";
		};
/* End PBXGroup section */

/* Begin PBXNativeTarget section */
		38EEA4F7251E421000339A81 /* Flix */ = {
			isa = PBXNativeTarget;
			buildConfigurationList = 38EEA522251E421200339A81 /* Build configuration list for PBXNativeTarget "Flix" */;
			buildPhases = (
				1C5BA469682FCCB1BBDB4AA1 /* [CP] Check Pods Manifest.lock */,
				38EEA4F4251E421000339A81 /* Sources */,
				38EEA4F5251E421000339A81 /* Frameworks */,
				38EEA4F6251E421000339A81 /* Resources */,
				A8E79D89B47C2D83F3F6A5AD /* [CP] Embed Pods Frameworks */,
			);
			buildRules = (
			);
			dependencies = (
			);
			name = Flix;
			productName = Flix;
			productReference = 38EEA4F8251E421000339A81 /* Flix.app */;
			productType = "com.apple.product-type.application";
		};
		38EEA50D251E421200339A81 /* FlixTests */ = {
			isa = PBXNativeTarget;
			buildConfigurationList = 38EEA525251E421200339A81 /* Build configuration list for PBXNativeTarget "FlixTests" */;
			buildPhases = (
				FF01C7383C26A70BAD24052A /* [CP] Check Pods Manifest.lock */,
				38EEA50A251E421200339A81 /* Sources */,
				38EEA50B251E421200339A81 /* Frameworks */,
				38EEA50C251E421200339A81 /* Resources */,
			);
			buildRules = (
			);
			dependencies = (
				38EEA510251E421200339A81 /* PBXTargetDependency */,
			);
			name = FlixTests;
			productName = FlixTests;
			productReference = 38EEA50E251E421200339A81 /* FlixTests.xctest */;
			productType = "com.apple.product-type.bundle.unit-test";
		};
		38EEA518251E421200339A81 /* FlixUITests */ = {
			isa = PBXNativeTarget;
			buildConfigurationList = 38EEA528251E421200339A81 /* Build configuration list for PBXNativeTarget "FlixUITests" */;
			buildPhases = (
				483DE63FA374F9ADAF4A8ADC /* [CP] Check Pods Manifest.lock */,
				38EEA515251E421200339A81 /* Sources */,
				38EEA516251E421200339A81 /* Frameworks */,
				38EEA517251E421200339A81 /* Resources */,
				DE1E7195E49F21C84608EAA9 /* [CP] Embed Pods Frameworks */,
			);
			buildRules = (
			);
			dependencies = (
				38EEA51B251E421200339A81 /* PBXTargetDependency */,
			);
			name = FlixUITests;
			productName = FlixUITests;
			productReference = 38EEA519251E421200339A81 /* FlixUITests.xctest */;
			productType = "com.apple.product-type.bundle.ui-testing";
		};
/* End PBXNativeTarget section */

/* Begin PBXProject section */
		38EEA4F0251E421000339A81 /* Project object */ = {
			isa = PBXProject;
			attributes = {
				LastSwiftUpdateCheck = 1200;
				LastUpgradeCheck = 1200;
				TargetAttributes = {
					38EEA4F7251E421000339A81 = {
						CreatedOnToolsVersion = 12.0;
					};
					38EEA50D251E421200339A81 = {
						CreatedOnToolsVersion = 12.0;
						TestTargetID = 38EEA4F7251E421000339A81;
					};
					38EEA518251E421200339A81 = {
						CreatedOnToolsVersion = 12.0;
						TestTargetID = 38EEA4F7251E421000339A81;
					};
				};
			};
			buildConfigurationList = 38EEA4F3251E421000339A81 /* Build configuration list for PBXProject "Flix" */;
			compatibilityVersion = "Xcode 9.3";
			developmentRegion = en;
			hasScannedForEncodings = 0;
			knownRegions = (
				en,
				Base,
			);
			mainGroup = 38EEA4EF251E421000339A81;
			productRefGroup = 38EEA4F9251E421000339A81 /* Products */;
			projectDirPath = "";
			projectRoot = "";
			targets = (
				38EEA4F7251E421000339A81 /* Flix */,
				38EEA50D251E421200339A81 /* FlixTests */,
				38EEA518251E421200339A81 /* FlixUITests */,
			);
		};
/* End PBXProject section */

/* Begin PBXResourcesBuildPhase section */
		38EEA4F6251E421000339A81 /* Resources */ = {
			isa = PBXResourcesBuildPhase;
			buildActionMask = 2147483647;
			files = (
				38EEA508251E421100339A81 /* LaunchScreen.storyboard in Resources */,
				38EEA505251E421100339A81 /* Assets.xcassets in Resources */,
				38EEA503251E421000339A81 /* Main.storyboard in Resources */,
			);
			runOnlyForDeploymentPostprocessing = 0;
		};
		38EEA50C251E421200339A81 /* Resources */ = {
			isa = PBXResourcesBuildPhase;
			buildActionMask = 2147483647;
			files = (
			);
			runOnlyForDeploymentPostprocessing = 0;
		};
		38EEA517251E421200339A81 /* Resources */ = {
			isa = PBXResourcesBuildPhase;
			buildActionMask = 2147483647;
			files = (
			);
			runOnlyForDeploymentPostprocessing = 0;
		};
/* End PBXResourcesBuildPhase section */

/* Begin PBXShellScriptBuildPhase section */
		1C5BA469682FCCB1BBDB4AA1 /* [CP] Check Pods Manifest.lock */ = {
			isa = PBXShellScriptBuildPhase;
			buildActionMask = 2147483647;
			files = (
			);
			inputFileListPaths = (
			);
			inputPaths = (
				"${PODS_PODFILE_DIR_PATH}/Podfile.lock",
				"${PODS_ROOT}/Manifest.lock",
			);
			name = "[CP] Check Pods Manifest.lock";
			outputFileListPaths = (
			);
			outputPaths = (
				"$(DERIVED_FILE_DIR)/Pods-Flix-checkManifestLockResult.txt",
			);
			runOnlyForDeploymentPostprocessing = 0;
			shellPath = /bin/sh;
			shellScript = "diff \"${PODS_PODFILE_DIR_PATH}/Podfile.lock\" \"${PODS_ROOT}/Manifest.lock\" > /dev/null\nif [ $? != 0 ] ; then\n    # print error to STDERR\n    echo \"error: The sandbox is not in sync with the Podfile.lock. Run 'pod install' or update your CocoaPods installation.\" >&2\n    exit 1\nfi\n# This output is used by Xcode 'outputs' to avoid re-running this script phase.\necho \"SUCCESS\" > \"${SCRIPT_OUTPUT_FILE_0}\"\n";
			showEnvVarsInLog = 0;
		};
		483DE63FA374F9ADAF4A8ADC /* [CP] Check Pods Manifest.lock */ = {
			isa = PBXShellScriptBuildPhase;
			buildActionMask = 2147483647;
			files = (
			);
			inputFileListPaths = (
			);
			inputPaths = (
				"${PODS_PODFILE_DIR_PATH}/Podfile.lock",
				"${PODS_ROOT}/Manifest.lock",
			);
			name = "[CP] Check Pods Manifest.lock";
			outputFileListPaths = (
			);
			outputPaths = (
				"$(DERIVED_FILE_DIR)/Pods-Flix-FlixUITests-checkManifestLockResult.txt",
			);
			runOnlyForDeploymentPostprocessing = 0;
			shellPath = /bin/sh;
			shellScript = "diff \"${PODS_PODFILE_DIR_PATH}/Podfile.lock\" \"${PODS_ROOT}/Manifest.lock\" > /dev/null\nif [ $? != 0 ] ; then\n    # print error to STDERR\n    echo \"error: The sandbox is not in sync with the Podfile.lock. Run 'pod install' or update your CocoaPods installation.\" >&2\n    exit 1\nfi\n# This output is used by Xcode 'outputs' to avoid re-running this script phase.\necho \"SUCCESS\" > \"${SCRIPT_OUTPUT_FILE_0}\"\n";
			showEnvVarsInLog = 0;
		};
		A8E79D89B47C2D83F3F6A5AD /* [CP] Embed Pods Frameworks */ = {
			isa = PBXShellScriptBuildPhase;
			buildActionMask = 2147483647;
			files = (
			);
			inputFileListPaths = (
				"${PODS_ROOT}/Target Support Files/Pods-Flix/Pods-Flix-frameworks-${CONFIGURATION}-input-files.xcfilelist",
			);
			name = "[CP] Embed Pods Frameworks";
			outputFileListPaths = (
				"${PODS_ROOT}/Target Support Files/Pods-Flix/Pods-Flix-frameworks-${CONFIGURATION}-output-files.xcfilelist",
			);
			runOnlyForDeploymentPostprocessing = 0;
			shellPath = /bin/sh;
			shellScript = "\"${PODS_ROOT}/Target Support Files/Pods-Flix/Pods-Flix-frameworks.sh\"\n";
			showEnvVarsInLog = 0;
		};
		DE1E7195E49F21C84608EAA9 /* [CP] Embed Pods Frameworks */ = {
			isa = PBXShellScriptBuildPhase;
			buildActionMask = 2147483647;
			files = (
			);
			inputFileListPaths = (
				"${PODS_ROOT}/Target Support Files/Pods-Flix-FlixUITests/Pods-Flix-FlixUITests-frameworks-${CONFIGURATION}-input-files.xcfilelist",
			);
			name = "[CP] Embed Pods Frameworks";
			outputFileListPaths = (
				"${PODS_ROOT}/Target Support Files/Pods-Flix-FlixUITests/Pods-Flix-FlixUITests-frameworks-${CONFIGURATION}-output-files.xcfilelist",
			);
			runOnlyForDeploymentPostprocessing = 0;
			shellPath = /bin/sh;
			shellScript = "\"${PODS_ROOT}/Target Support Files/Pods-Flix-FlixUITests/Pods-Flix-FlixUITests-frameworks.sh\"\n";
			showEnvVarsInLog = 0;
		};
		FF01C7383C26A70BAD24052A /* [CP] Check Pods Manifest.lock */ = {
			isa = PBXShellScriptBuildPhase;
			buildActionMask = 2147483647;
			files = (
			);
			inputFileListPaths = (
			);
			inputPaths = (
				"${PODS_PODFILE_DIR_PATH}/Podfile.lock",
				"${PODS_ROOT}/Manifest.lock",
			);
			name = "[CP] Check Pods Manifest.lock";
			outputFileListPaths = (
			);
			outputPaths = (
				"$(DERIVED_FILE_DIR)/Pods-FlixTests-checkManifestLockResult.txt",
			);
			runOnlyForDeploymentPostprocessing = 0;
			shellPath = /bin/sh;
			shellScript = "diff \"${PODS_PODFILE_DIR_PATH}/Podfile.lock\" \"${PODS_ROOT}/Manifest.lock\" > /dev/null\nif [ $? != 0 ] ; then\n    # print error to STDERR\n    echo \"error: The sandbox is not in sync with the Podfile.lock. Run 'pod install' or update your CocoaPods installation.\" >&2\n    exit 1\nfi\n# This output is used by Xcode 'outputs' to avoid re-running this script phase.\necho \"SUCCESS\" > \"${SCRIPT_OUTPUT_FILE_0}\"\n";
			showEnvVarsInLog = 0;
		};
/* End PBXShellScriptBuildPhase section */

/* Begin PBXSourcesBuildPhase section */
		38EEA4F4251E421000339A81 /* Sources */ = {
			isa = PBXSourcesBuildPhase;
			buildActionMask = 2147483647;
			files = (
				3885F8C82521476C00F9C15E /* MovieDetailsViewController.swift in Sources */,
				38EEA4FC251E421000339A81 /* AppDelegate.swift in Sources */,
				38EEA4FE251E421000339A81 /* SceneDelegate.swift in Sources */,
				38B11C3B251EDF8500342D7C /* MovieCell.swift in Sources */,
				38C6CCEE251ED4F60020918A /* MoviesViewController.swift in Sources */,
			);
			runOnlyForDeploymentPostprocessing = 0;
		};
		38EEA50A251E421200339A81 /* Sources */ = {
			isa = PBXSourcesBuildPhase;
			buildActionMask = 2147483647;
			files = (
				38EEA513251E421200339A81 /* FlixTests.swift in Sources */,
			);
			runOnlyForDeploymentPostprocessing = 0;
		};
		38EEA515251E421200339A81 /* Sources */ = {
			isa = PBXSourcesBuildPhase;
			buildActionMask = 2147483647;
			files = (
				38EEA51E251E421200339A81 /* FlixUITests.swift in Sources */,
			);
			runOnlyForDeploymentPostprocessing = 0;
		};
/* End PBXSourcesBuildPhase section */

/* Begin PBXTargetDependency section */
		38EEA510251E421200339A81 /* PBXTargetDependency */ = {
			isa = PBXTargetDependency;
			target = 38EEA4F7251E421000339A81 /* Flix */;
			targetProxy = 38EEA50F251E421200339A81 /* PBXContainerItemProxy */;
		};
		38EEA51B251E421200339A81 /* PBXTargetDependency */ = {
			isa = PBXTargetDependency;
			target = 38EEA4F7251E421000339A81 /* Flix */;
			targetProxy = 38EEA51A251E421200339A81 /* PBXContainerItemProxy */;
		};
/* End PBXTargetDependency section */

/* Begin PBXVariantGroup section */
		38EEA501251E421000339A81 /* Main.storyboard */ = {
			isa = PBXVariantGroup;
			children = (
				38EEA502251E421000339A81 /* Base */,
			);
			name = Main.storyboard;
			sourceTree = "<group>";
		};
		38EEA506251E421100339A81 /* LaunchScreen.storyboard */ = {
			isa = PBXVariantGroup;
			children = (
				38EEA507251E421100339A81 /* Base */,
			);
			name = LaunchScreen.storyboard;
			sourceTree = "<group>";
		};
/* End PBXVariantGroup section */

/* Begin XCBuildConfiguration section */
		38EEA520251E421200339A81 /* Debug */ = {
			isa = XCBuildConfiguration;
			buildSettings = {
				ALWAYS_SEARCH_USER_PATHS = NO;
				CLANG_ANALYZER_NONNULL = YES;
				CLANG_ANALYZER_NUMBER_OBJECT_CONVERSION = YES_AGGRESSIVE;
				CLANG_CXX_LANGUAGE_STANDARD = "gnu++14";
				CLANG_CXX_LIBRARY = "libc++";
				CLANG_ENABLE_MODULES = YES;
				CLANG_ENABLE_OBJC_ARC = YES;
				CLANG_ENABLE_OBJC_WEAK = YES;
				CLANG_WARN_BLOCK_CAPTURE_AUTORELEASING = YES;
				CLANG_WARN_BOOL_CONVERSION = YES;
				CLANG_WARN_COMMA = YES;
				CLANG_WARN_CONSTANT_CONVERSION = YES;
				CLANG_WARN_DEPRECATED_OBJC_IMPLEMENTATIONS = YES;
				CLANG_WARN_DIRECT_OBJC_ISA_USAGE = YES_ERROR;
				CLANG_WARN_DOCUMENTATION_COMMENTS = YES;
				CLANG_WARN_EMPTY_BODY = YES;
				CLANG_WARN_ENUM_CONVERSION = YES;
				CLANG_WARN_INFINITE_RECURSION = YES;
				CLANG_WARN_INT_CONVERSION = YES;
				CLANG_WARN_NON_LITERAL_NULL_CONVERSION = YES;
				CLANG_WARN_OBJC_IMPLICIT_RETAIN_SELF = YES;
				CLANG_WARN_OBJC_LITERAL_CONVERSION = YES;
				CLANG_WARN_OBJC_ROOT_CLASS = YES_ERROR;
				CLANG_WARN_QUOTED_INCLUDE_IN_FRAMEWORK_HEADER = YES;
				CLANG_WARN_RANGE_LOOP_ANALYSIS = YES;
				CLANG_WARN_STRICT_PROTOTYPES = YES;
				CLANG_WARN_SUSPICIOUS_MOVE = YES;
				CLANG_WARN_UNGUARDED_AVAILABILITY = YES_AGGRESSIVE;
				CLANG_WARN_UNREACHABLE_CODE = YES;
				CLANG_WARN__DUPLICATE_METHOD_MATCH = YES;
				COPY_PHASE_STRIP = NO;
				DEBUG_INFORMATION_FORMAT = dwarf;
				ENABLE_STRICT_OBJC_MSGSEND = YES;
				ENABLE_TESTABILITY = YES;
				GCC_C_LANGUAGE_STANDARD = gnu11;
				GCC_DYNAMIC_NO_PIC = NO;
				GCC_NO_COMMON_BLOCKS = YES;
				GCC_OPTIMIZATION_LEVEL = 0;
				GCC_PREPROCESSOR_DEFINITIONS = (
					"DEBUG=1",
					"$(inherited)",
				);
				GCC_WARN_64_TO_32_BIT_CONVERSION = YES;
				GCC_WARN_ABOUT_RETURN_TYPE = YES_ERROR;
				GCC_WARN_UNDECLARED_SELECTOR = YES;
				GCC_WARN_UNINITIALIZED_AUTOS = YES_AGGRESSIVE;
				GCC_WARN_UNUSED_FUNCTION = YES;
				GCC_WARN_UNUSED_VARIABLE = YES;
				IPHONEOS_DEPLOYMENT_TARGET = 14.0;
				MTL_ENABLE_DEBUG_INFO = INCLUDE_SOURCE;
				MTL_FAST_MATH = YES;
				ONLY_ACTIVE_ARCH = YES;
				SDKROOT = iphoneos;
				SWIFT_ACTIVE_COMPILATION_CONDITIONS = DEBUG;
				SWIFT_OPTIMIZATION_LEVEL = "-Onone";
			};
			name = Debug;
		};
		38EEA521251E421200339A81 /* Release */ = {
			isa = XCBuildConfiguration;
			buildSettings = {
				ALWAYS_SEARCH_USER_PATHS = NO;
				CLANG_ANALYZER_NONNULL = YES;
				CLANG_ANALYZER_NUMBER_OBJECT_CONVERSION = YES_AGGRESSIVE;
				CLANG_CXX_LANGUAGE_STANDARD = "gnu++14";
				CLANG_CXX_LIBRARY = "libc++";
				CLANG_ENABLE_MODULES = YES;
				CLANG_ENABLE_OBJC_ARC = YES;
				CLANG_ENABLE_OBJC_WEAK = YES;
				CLANG_WARN_BLOCK_CAPTURE_AUTORELEASING = YES;
				CLANG_WARN_BOOL_CONVERSION = YES;
				CLANG_WARN_COMMA = YES;
				CLANG_WARN_CONSTANT_CONVERSION = YES;
				CLANG_WARN_DEPRECATED_OBJC_IMPLEMENTATIONS = YES;
				CLANG_WARN_DIRECT_OBJC_ISA_USAGE = YES_ERROR;
				CLANG_WARN_DOCUMENTATION_COMMENTS = YES;
				CLANG_WARN_EMPTY_BODY = YES;
				CLANG_WARN_ENUM_CONVERSION = YES;
				CLANG_WARN_INFINITE_RECURSION = YES;
				CLANG_WARN_INT_CONVERSION = YES;
				CLANG_WARN_NON_LITERAL_NULL_CONVERSION = YES;
				CLANG_WARN_OBJC_IMPLICIT_RETAIN_SELF = YES;
				CLANG_WARN_OBJC_LITERAL_CONVERSION = YES;
				CLANG_WARN_OBJC_ROOT_CLASS = YES_ERROR;
				CLANG_WARN_QUOTED_INCLUDE_IN_FRAMEWORK_HEADER = YES;
				CLANG_WARN_RANGE_LOOP_ANALYSIS = YES;
				CLANG_WARN_STRICT_PROTOTYPES = YES;
				CLANG_WARN_SUSPICIOUS_MOVE = YES;
				CLANG_WARN_UNGUARDED_AVAILABILITY = YES_AGGRESSIVE;
				CLANG_WARN_UNREACHABLE_CODE = YES;
				CLANG_WARN__DUPLICATE_METHOD_MATCH = YES;
				COPY_PHASE_STRIP = NO;
				DEBUG_INFORMATION_FORMAT = "dwarf-with-dsym";
				ENABLE_NS_ASSERTIONS = NO;
				ENABLE_STRICT_OBJC_MSGSEND = YES;
				GCC_C_LANGUAGE_STANDARD = gnu11;
				GCC_NO_COMMON_BLOCKS = YES;
				GCC_WARN_64_TO_32_BIT_CONVERSION = YES;
				GCC_WARN_ABOUT_RETURN_TYPE = YES_ERROR;
				GCC_WARN_UNDECLARED_SELECTOR = YES;
				GCC_WARN_UNINITIALIZED_AUTOS = YES_AGGRESSIVE;
				GCC_WARN_UNUSED_FUNCTION = YES;
				GCC_WARN_UNUSED_VARIABLE = YES;
				IPHONEOS_DEPLOYMENT_TARGET = 14.0;
				MTL_ENABLE_DEBUG_INFO = NO;
				MTL_FAST_MATH = YES;
				SDKROOT = iphoneos;
				SWIFT_COMPILATION_MODE = wholemodule;
				SWIFT_OPTIMIZATION_LEVEL = "-O";
				VALIDATE_PRODUCT = YES;
			};
			name = Release;
		};
		38EEA523251E421200339A81 /* Debug */ = {
			isa = XCBuildConfiguration;
			baseConfigurationReference = 2A1747F37F4D41A51D060F2C /* Pods-Flix.debug.xcconfig */;
			buildSettings = {
				ASSETCATALOG_COMPILER_APPICON_NAME = AppIcon;
				ASSETCATALOG_COMPILER_GLOBAL_ACCENT_COLOR_NAME = AccentColor;
				CODE_SIGN_STYLE = Automatic;
				INFOPLIST_FILE = Flix/Info.plist;
				LD_RUNPATH_SEARCH_PATHS = (
					"$(inherited)",
					"@executable_path/Frameworks",
				);
				PRODUCT_BUNDLE_IDENTIFIER = LINNI2017.Flix;
				PRODUCT_NAME = "$(TARGET_NAME)";
				SWIFT_VERSION = 5.0;
				TARGETED_DEVICE_FAMILY = "1,2";
			};
			name = Debug;
		};
		38EEA524251E421200339A81 /* Release */ = {
			isa = XCBuildConfiguration;
			baseConfigurationReference = 64DF530C92888CA99B194DA5 /* Pods-Flix.release.xcconfig */;
			buildSettings = {
				ASSETCATALOG_COMPILER_APPICON_NAME = AppIcon;
				ASSETCATALOG_COMPILER_GLOBAL_ACCENT_COLOR_NAME = AccentColor;
				CODE_SIGN_STYLE = Automatic;
				INFOPLIST_FILE = Flix/Info.plist;
				LD_RUNPATH_SEARCH_PATHS = (
					"$(inherited)",
					"@executable_path/Frameworks",
				);
				PRODUCT_BUNDLE_IDENTIFIER = LINNI2017.Flix;
				PRODUCT_NAME = "$(TARGET_NAME)";
				SWIFT_VERSION = 5.0;
				TARGETED_DEVICE_FAMILY = "1,2";
			};
			name = Release;
		};
		38EEA526251E421200339A81 /* Debug */ = {
			isa = XCBuildConfiguration;
			baseConfigurationReference = AAFAF36E6D768C7138FCEAB0 /* Pods-FlixTests.debug.xcconfig */;
			buildSettings = {
				ALWAYS_EMBED_SWIFT_STANDARD_LIBRARIES = YES;
				BUNDLE_LOADER = "$(TEST_HOST)";
				CODE_SIGN_STYLE = Automatic;
				INFOPLIST_FILE = FlixTests/Info.plist;
				IPHONEOS_DEPLOYMENT_TARGET = 14.0;
				LD_RUNPATH_SEARCH_PATHS = (
					"$(inherited)",
					"@executable_path/Frameworks",
					"@loader_path/Frameworks",
				);
				PRODUCT_BUNDLE_IDENTIFIER = LINNI2017.FlixTests;
				PRODUCT_NAME = "$(TARGET_NAME)";
				SWIFT_VERSION = 5.0;
				TARGETED_DEVICE_FAMILY = "1,2";
				TEST_HOST = "$(BUILT_PRODUCTS_DIR)/Flix.app/Flix";
			};
			name = Debug;
		};
		38EEA527251E421200339A81 /* Release */ = {
			isa = XCBuildConfiguration;
			baseConfigurationReference = 113B87381A461B4B17BD9A41 /* Pods-FlixTests.release.xcconfig */;
			buildSettings = {
				ALWAYS_EMBED_SWIFT_STANDARD_LIBRARIES = YES;
				BUNDLE_LOADER = "$(TEST_HOST)";
				CODE_SIGN_STYLE = Automatic;
				INFOPLIST_FILE = FlixTests/Info.plist;
				IPHONEOS_DEPLOYMENT_TARGET = 14.0;
				LD_RUNPATH_SEARCH_PATHS = (
					"$(inherited)",
					"@executable_path/Frameworks",
					"@loader_path/Frameworks",
				);
				PRODUCT_BUNDLE_IDENTIFIER = LINNI2017.FlixTests;
				PRODUCT_NAME = "$(TARGET_NAME)";
				SWIFT_VERSION = 5.0;
				TARGETED_DEVICE_FAMILY = "1,2";
				TEST_HOST = "$(BUILT_PRODUCTS_DIR)/Flix.app/Flix";
			};
			name = Release;
		};
		38EEA529251E421200339A81 /* Debug */ = {
			isa = XCBuildConfiguration;
			baseConfigurationReference = 475179CF6411EE9783E318EA /* Pods-Flix-FlixUITests.debug.xcconfig */;
			buildSettings = {
				ALWAYS_EMBED_SWIFT_STANDARD_LIBRARIES = YES;
				CODE_SIGN_STYLE = Automatic;
				INFOPLIST_FILE = FlixUITests/Info.plist;
				LD_RUNPATH_SEARCH_PATHS = (
					"$(inherited)",
					"@executable_path/Frameworks",
					"@loader_path/Frameworks",
				);
				PRODUCT_BUNDLE_IDENTIFIER = LINNI2017.FlixUITests;
				PRODUCT_NAME = "$(TARGET_NAME)";
				SWIFT_VERSION = 5.0;
				TARGETED_DEVICE_FAMILY = "1,2";
				TEST_TARGET_NAME = Flix;
			};
			name = Debug;
		};
		38EEA52A251E421200339A81 /* Release */ = {
			isa = XCBuildConfiguration;
			baseConfigurationReference = 769246B279DA51E9CC8F9ECA /* Pods-Flix-FlixUITests.release.xcconfig */;
			buildSettings = {
				ALWAYS_EMBED_SWIFT_STANDARD_LIBRARIES = YES;
				CODE_SIGN_STYLE = Automatic;
				INFOPLIST_FILE = FlixUITests/Info.plist;
				LD_RUNPATH_SEARCH_PATHS = (
					"$(inherited)",
					"@executable_path/Frameworks",
					"@loader_path/Frameworks",
				);
				PRODUCT_BUNDLE_IDENTIFIER = LINNI2017.FlixUITests;
				PRODUCT_NAME = "$(TARGET_NAME)";
				SWIFT_VERSION = 5.0;
				TARGETED_DEVICE_FAMILY = "1,2";
				TEST_TARGET_NAME = Flix;
			};
			name = Release;
		};
/* End XCBuildConfiguration section */

/* Begin XCConfigurationList section */
		38EEA4F3251E421000339A81 /* Build configuration list for PBXProject "Flix" */ = {
			isa = XCConfigurationList;
			buildConfigurations = (
				38EEA520251E421200339A81 /* Debug */,
				38EEA521251E421200339A81 /* Release */,
			);
			defaultConfigurationIsVisible = 0;
			defaultConfigurationName = Release;
		};
		38EEA522251E421200339A81 /* Build configuration list for PBXNativeTarget "Flix" */ = {
			isa = XCConfigurationList;
			buildConfigurations = (
				38EEA523251E421200339A81 /* Debug */,
				38EEA524251E421200339A81 /* Release */,
			);
			defaultConfigurationIsVisible = 0;
			defaultConfigurationName = Release;
		};
		38EEA525251E421200339A81 /* Build configuration list for PBXNativeTarget "FlixTests" */ = {
			isa = XCConfigurationList;
			buildConfigurations = (
				38EEA526251E421200339A81 /* Debug */,
				38EEA527251E421200339A81 /* Release */,
			);
			defaultConfigurationIsVisible = 0;
			defaultConfigurationName = Release;
		};
		38EEA528251E421200339A81 /* Build configuration list for PBXNativeTarget "FlixUITests" */ = {
			isa = XCConfigurationList;
			buildConfigurations = (
				38EEA529251E421200339A81 /* Debug */,
				38EEA52A251E421200339A81 /* Release */,
			);
			defaultConfigurationIsVisible = 0;
			defaultConfigurationName = Release;
		};
/* End XCConfigurationList section */
	};
	rootObject = 38EEA4F0251E421000339A81 /* Project object */;
}
